
Microsoft Visual Studio Solution File, Format Version 12.00
# Visual Studio Version 16
VisualStudioVersion = 16.0.31205.134
MinimumVisualStudioVersion = 10.0.40219.1
Project("{FAE04EC0-301F-11D3-BF4B-00C04F79EFBC}") = "GestForm", "GestForm\GestForm.csproj", "{1BA70845-4990-43CA-B392-6D6C3C43E068}"
EndProject
Project("{FAE04EC0-301F-11D3-BF4B-00C04F79EFBC}") = "GesForm.BO", "GesForm.BO\GesForm.BO.csproj", "{F88E61AD-F7AF-48AA-AB46-722C2D3104D2}"
EndProject
Project("{FAE04EC0-301F-11D3-BF4B-00C04F79EFBC}") = "GesForm.DAL", "GesForm.DAL\GesForm.DAL.csproj", "{555F9BBE-5726-4F36-87BF-80FF60975ACB}"
EndProject
Project("{FAE04EC0-301F-11D3-BF4B-00C04F79EFBC}") = "GesForm.BLL", "GesForm.BLL\GesForm.BLL.csproj", "{95813688-441F-4656-BAA2-B10D4F0587B7}"
EndProject
Global
	GlobalSection(SolutionConfigurationPlatforms) = preSolution
		Debug|Any CPU = Debug|Any CPU
		Release|Any CPU = Release|Any CPU
	EndGlobalSection
	GlobalSection(ProjectConfigurationPlatforms) = postSolution
		{1BA70845-4990-43CA-B392-6D6C3C43E068}.Debug|Any CPU.ActiveCfg = Debug|Any CPU
		{1BA70845-4990-43CA-B392-6D6C3C43E068}.Debug|Any CPU.Build.0 = Debug|Any CPU
		{1BA70845-4990-43CA-B392-6D6C3C43E068}.Release|Any CPU.ActiveCfg = Release|Any CPU
		{1BA70845-4990-43CA-B392-6D6C3C43E068}.Release|Any CPU.Build.0 = Release|Any CPU
		{F88E61AD-F7AF-48AA-AB46-722C2D3104D2}.Debug|Any CPU.ActiveCfg = Debug|Any CPU
		{F88E61AD-F7AF-48AA-AB46-722C2D3104D2}.Debug|Any CPU.Build.0 = Debug|Any CPU
		{F88E61AD-F7AF-48AA-AB46-722C2D3104D2}.Release|Any CPU.ActiveCfg = Release|Any CPU
		{F88E61AD-F7AF-48AA-AB46-722C2D3104D2}.Release|Any CPU.Build.0 = Release|Any CPU
		{555F9BBE-5726-4F36-87BF-80FF60975ACB}.Debug|Any CPU.ActiveCfg = Debug|Any CPU
		{555F9BBE-5726-4F36-87BF-80FF60975ACB}.Debug|Any CPU.Build.0 = Debug|Any CPU
		{555F9BBE-5726-4F36-87BF-80FF60975ACB}.Release|Any CPU.ActiveCfg = Release|Any CPU
		{555F9BBE-5726-4F36-87BF-80FF60975ACB}.Release|Any CPU.Build.0 = Release|Any CPU
		{95813688-441F-4656-BAA2-B10D4F0587B7}.Debug|Any CPU.ActiveCfg = Debug|Any CPU
		{95813688-441F-4656-BAA2-B10D4F0587B7}.Debug|Any CPU.Build.0 = Debug|Any CPU
		{95813688-441F-4656-BAA2-B10D4F0587B7}.Release|Any CPU.ActiveCfg = Release|Any CPU
		{95813688-441F-4656-BAA2-B10D4F0587B7}.Release|Any CPU.Build.0 = Release|Any CPU
	EndGlobalSection
	GlobalSection(SolutionProperties) = preSolution
		HideSolutionNode = FALSE
	EndGlobalSection
	GlobalSection(ExtensibilityGlobals) = postSolution
		SolutionGuid = {93911F81-1531-45B0-A6E9-196ED93506A9}
	EndGlobalSection
EndGlobal
